// !$*UTF8*$!
{
	archiveVersion = 1;
	classes = {
	};
	objectVersion = 55;
	objects = {

/* Begin PBXBuildFile section */
		9DB93A80288BD490007D2CE1 /* AppDelegate.swift in Sources */ = {isa = PBXBuildFile; fileRef = 9DB93A7F288BD490007D2CE1 /* AppDelegate.swift */; };
		9DB93A82288BD490007D2CE1 /* SceneDelegate.swift in Sources */ = {isa = PBXBuildFile; fileRef = 9DB93A81288BD490007D2CE1 /* SceneDelegate.swift */; };
		9DB93A84288BD490007D2CE1 /* ViewController.swift in Sources */ = {isa = PBXBuildFile; fileRef = 9DB93A83288BD490007D2CE1 /* ViewController.swift */; };
		9DB93A87288BD490007D2CE1 /* Main.storyboard in Resources */ = {isa = PBXBuildFile; fileRef = 9DB93A85288BD490007D2CE1 /* Main.storyboard */; };
		9DB93A8A288BD490007D2CE1 /* CakeAnyTime_iOS_UIKit.xcdatamodeld in Sources */ = {isa = PBXBuildFile; fileRef = 9DB93A88288BD490007D2CE1 /* CakeAnyTime_iOS_UIKit.xcdatamodeld */; };
		9DB93A8C288BD492007D2CE1 /* Assets.xcassets in Resources */ = {isa = PBXBuildFile; fileRef = 9DB93A8B288BD492007D2CE1 /* Assets.xcassets */; };
		9DB93A8F288BD492007D2CE1 /* LaunchScreen.storyboard in Resources */ = {isa = PBXBuildFile; fileRef = 9DB93A8D288BD492007D2CE1 /* LaunchScreen.storyboard */; };
		9DB93A9A288BD492007D2CE1 /* CakeAnyTime_iOS_UIKitTests.swift in Sources */ = {isa = PBXBuildFile; fileRef = 9DB93A99288BD492007D2CE1 /* CakeAnyTime_iOS_UIKitTests.swift */; };
		9DB93AA4288BD492007D2CE1 /* CakeAnyTime_iOS_UIKitUITests.swift in Sources */ = {isa = PBXBuildFile; fileRef = 9DB93AA3288BD492007D2CE1 /* CakeAnyTime_iOS_UIKitUITests.swift */; };
		9DB93AA6288BD492007D2CE1 /* CakeAnyTime_iOS_UIKitUITestsLaunchTests.swift in Sources */ = {isa = PBXBuildFile; fileRef = 9DB93AA5288BD492007D2CE1 /* CakeAnyTime_iOS_UIKitUITestsLaunchTests.swift */; };
/* End PBXBuildFile section */

/* Begin PBXContainerItemProxy section */
		9DB93A96288BD492007D2CE1 /* PBXContainerItemProxy */ = {
			isa = PBXContainerItemProxy;
			containerPortal = 9DB93A74288BD490007D2CE1 /* Project object */;
			proxyType = 1;
			remoteGlobalIDString = 9DB93A7B288BD490007D2CE1;
			remoteInfo = CakeAnyTime_iOS_UIKit;
		};
		9DB93AA0288BD492007D2CE1 /* PBXContainerItemProxy */ = {
			isa = PBXContainerItemProxy;
			containerPortal = 9DB93A74288BD490007D2CE1 /* Project object */;
			proxyType = 1;
			remoteGlobalIDString = 9DB93A7B288BD490007D2CE1;
			remoteInfo = CakeAnyTime_iOS_UIKit;
		};
/* End PBXContainerItemProxy section */

/* Begin PBXFileReference section */
		9DB93A7C288BD490007D2CE1 /* CakeAnyTime_iOS_UIKit.app */ = {isa = PBXFileReference; explicitFileType = wrapper.application; includeInIndex = 0; path = CakeAnyTime_iOS_UIKit.app; sourceTree = BUILT_PRODUCTS_DIR; };
		9DB93A7F288BD490007D2CE1 /* AppDelegate.swift */ = {isa = PBXFileReference; lastKnownFileType = sourcecode.swift; path = AppDelegate.swift; sourceTree = "<group>"; };
		9DB93A81288BD490007D2CE1 /* SceneDelegate.swift */ = {isa = PBXFileReference; lastKnownFileType = sourcecode.swift; path = SceneDelegate.swift; sourceTree = "<group>"; };
		9DB93A83288BD490007D2CE1 /* ViewController.swift */ = {isa = PBXFileReference; lastKnownFileType = sourcecode.swift; path = ViewController.swift; sourceTree = "<group>"; };
		9DB93A86288BD490007D2CE1 /* Base */ = {isa = PBXFileReference; lastKnownFileType = file.storyboard; name = Base; path = Base.lproj/Main.storyboard; sourceTree = "<group>"; };
		9DB93A89288BD490007D2CE1 /* CakeAnyTime_iOS_UIKit.xcdatamodel */ = {isa = PBXFileReference; lastKnownFileType = wrapper.xcdatamodel; path = CakeAnyTime_iOS_UIKit.xcdatamodel; sourceTree = "<group>"; };
		9DB93A8B288BD492007D2CE1 /* Assets.xcassets */ = {isa = PBXFileReference; lastKnownFileType = folder.assetcatalog; path = Assets.xcassets; sourceTree = "<group>"; };
		9DB93A8E288BD492007D2CE1 /* Base */ = {isa = PBXFileReference; lastKnownFileType = file.storyboard; name = Base; path = Base.lproj/LaunchScreen.storyboard; sourceTree = "<group>"; };
		9DB93A90288BD492007D2CE1 /* Info.plist */ = {isa = PBXFileReference; lastKnownFileType = text.plist.xml; path = Info.plist; sourceTree = "<group>"; };
		9DB93A95288BD492007D2CE1 /* CakeAnyTime_iOS_UIKitTests.xctest */ = {isa = PBXFileReference; explicitFileType = wrapper.cfbundle; includeInIndex = 0; path = CakeAnyTime_iOS_UIKitTests.xctest; sourceTree = BUILT_PRODUCTS_DIR; };
		9DB93A99288BD492007D2CE1 /* CakeAnyTime_iOS_UIKitTests.swift */ = {isa = PBXFileReference; lastKnownFileType = sourcecode.swift; path = CakeAnyTime_iOS_UIKitTests.swift; sourceTree = "<group>"; };
		9DB93A9F288BD492007D2CE1 /* CakeAnyTime_iOS_UIKitUITests.xctest */ = {isa = PBXFileReference; explicitFileType = wrapper.cfbundle; includeInIndex = 0; path = CakeAnyTime_iOS_UIKitUITests.xctest; sourceTree = BUILT_PRODUCTS_DIR; };
		9DB93AA3288BD492007D2CE1 /* CakeAnyTime_iOS_UIKitUITests.swift */ = {isa = PBXFileReference; lastKnownFileType = sourcecode.swift; path = CakeAnyTime_iOS_UIKitUITests.swift; sourceTree = "<group>"; };
		9DB93AA5288BD492007D2CE1 /* CakeAnyTime_iOS_UIKitUITestsLaunchTests.swift */ = {isa = PBXFileReference; lastKnownFileType = sourcecode.swift; path = CakeAnyTime_iOS_UIKitUITestsLaunchTests.swift; sourceTree = "<group>"; };
/* End PBXFileReference section */

/* Begin PBXFrameworksBuildPhase section */
		9DB93A79288BD490007D2CE1 /* Frameworks */ = {
			isa = PBXFrameworksBuildPhase;
			buildActionMask = 2147483647;
			files = (
			);
			runOnlyForDeploymentPostprocessing = 0;
		};
		9DB93A92288BD492007D2CE1 /* Frameworks */ = {
			isa = PBXFrameworksBuildPhase;
			buildActionMask = 2147483647;
			files = (
			);
			runOnlyForDeploymentPostprocessing = 0;
		};
		9DB93A9C288BD492007D2CE1 /* Frameworks */ = {
			isa = PBXFrameworksBuildPhase;
			buildActionMask = 2147483647;
			files = (
			);
			runOnlyForDeploymentPostprocessing = 0;
		};
/* End PBXFrameworksBuildPhase section */

/* Begin PBXGroup section */
		9DB93A73288BD490007D2CE1 = {
			isa = PBXGroup;
			children = (
				9DB93A7E288BD490007D2CE1 /* CakeAnyTime_iOS_UIKit */,
				9DB93A98288BD492007D2CE1 /* CakeAnyTime_iOS_UIKitTests */,
				9DB93AA2288BD492007D2CE1 /* CakeAnyTime_iOS_UIKitUITests */,
				9DB93A7D288BD490007D2CE1 /* Products */,
			);
			sourceTree = "<group>";
		};
		9DB93A7D288BD490007D2CE1 /* Products */ = {
			isa = PBXGroup;
			children = (
				9DB93A7C288BD490007D2CE1 /* CakeAnyTime_iOS_UIKit.app */,
				9DB93A95288BD492007D2CE1 /* CakeAnyTime_iOS_UIKitTests.xctest */,
				9DB93A9F288BD492007D2CE1 /* CakeAnyTime_iOS_UIKitUITests.xctest */,
			);
			name = Products;
			sourceTree = "<group>";
		};
		9DB93A7E288BD490007D2CE1 /* CakeAnyTime_iOS_UIKit */ = {
			isa = PBXGroup;
			children = (
				9DB93A7F288BD490007D2CE1 /* AppDelegate.swift */,
				9DB93A81288BD490007D2CE1 /* SceneDelegate.swift */,
				9DB93A83288BD490007D2CE1 /* ViewController.swift */,
				9DB93A85288BD490007D2CE1 /* Main.storyboard */,
				9DB93A8B288BD492007D2CE1 /* Assets.xcassets */,
				9DB93A8D288BD492007D2CE1 /* LaunchScreen.storyboard */,
				9DB93A90288BD492007D2CE1 /* Info.plist */,
				9DB93A88288BD490007D2CE1 /* CakeAnyTime_iOS_UIKit.xcdatamodeld */,
			);
			path = CakeAnyTime_iOS_UIKit;
			sourceTree = "<group>";
		};
		9DB93A98288BD492007D2CE1 /* CakeAnyTime_iOS_UIKitTests */ = {
			isa = PBXGroup;
			children = (
				9DB93A99288BD492007D2CE1 /* CakeAnyTime_iOS_UIKitTests.swift */,
			);
			path = CakeAnyTime_iOS_UIKitTests;
			sourceTree = "<group>";
		};
		9DB93AA2288BD492007D2CE1 /* CakeAnyTime_iOS_UIKitUITests */ = {
			isa = PBXGroup;
			children = (
				9DB93AA3288BD492007D2CE1 /* CakeAnyTime_iOS_UIKitUITests.swift */,
				9DB93AA5288BD492007D2CE1 /* CakeAnyTime_iOS_UIKitUITestsLaunchTests.swift */,
			);
			path = CakeAnyTime_iOS_UIKitUITests;
			sourceTree = "<group>";
		};
/* End PBXGroup section */

/* Begin PBXNativeTarget section */
		9DB93A7B288BD490007D2CE1 /* CakeAnyTime_iOS_UIKit */ = {
			isa = PBXNativeTarget;
			buildConfigurationList = 9DB93AA9288BD492007D2CE1 /* Build configuration list for PBXNativeTarget "CakeAnyTime_iOS_UIKit" */;
			buildPhases = (
				9DB93A78288BD490007D2CE1 /* Sources */,
				9DB93A79288BD490007D2CE1 /* Frameworks */,
				9DB93A7A288BD490007D2CE1 /* Resources */,
			);
			buildRules = (
			);
			dependencies = (
			);
			name = CakeAnyTime_iOS_UIKit;
			productName = CakeAnyTime_iOS_UIKit;
			productReference = 9DB93A7C288BD490007D2CE1 /* CakeAnyTime_iOS_UIKit.app */;
			productType = "com.apple.product-type.application";
		};
		9DB93A94288BD492007D2CE1 /* CakeAnyTime_iOS_UIKitTests */ = {
			isa = PBXNativeTarget;
			buildConfigurationList = 9DB93AAC288BD492007D2CE1 /* Build configuration list for PBXNativeTarget "CakeAnyTime_iOS_UIKitTests" */;
			buildPhases = (
				9DB93A91288BD492007D2CE1 /* Sources */,
				9DB93A92288BD492007D2CE1 /* Frameworks */,
				9DB93A93288BD492007D2CE1 /* Resources */,
			);
			buildRules = (
			);
			dependencies = (
				9DB93A97288BD492007D2CE1 /* PBXTargetDependency */,
			);
			name = CakeAnyTime_iOS_UIKitTests;
			productName = CakeAnyTime_iOS_UIKitTests;
			productReference = 9DB93A95288BD492007D2CE1 /* CakeAnyTime_iOS_UIKitTests.xctest */;
			productType = "com.apple.product-type.bundle.unit-test";
		};
		9DB93A9E288BD492007D2CE1 /* CakeAnyTime_iOS_UIKitUITests */ = {
			isa = PBXNativeTarget;
			buildConfigurationList = 9DB93AAF288BD492007D2CE1 /* Build configuration list for PBXNativeTarget "CakeAnyTime_iOS_UIKitUITests" */;
			buildPhases = (
				9DB93A9B288BD492007D2CE1 /* Sources */,
				9DB93A9C288BD492007D2CE1 /* Frameworks */,
				9DB93A9D288BD492007D2CE1 /* Resources */,
			);
			buildRules = (
			);
			dependencies = (
				9DB93AA1288BD492007D2CE1 /* PBXTargetDependency */,
			);
			name = CakeAnyTime_iOS_UIKitUITests;
			productName = CakeAnyTime_iOS_UIKitUITests;
			productReference = 9DB93A9F288BD492007D2CE1 /* CakeAnyTime_iOS_UIKitUITests.xctest */;
			productType = "com.apple.product-type.bundle.ui-testing";
		};
/* End PBXNativeTarget section */

/* Begin PBXProject section */
		9DB93A74288BD490007D2CE1 /* Project object */ = {
			isa = PBXProject;
			attributes = {
				BuildIndependentTargetsInParallel = 1;
				LastSwiftUpdateCheck = 1340;
				LastUpgradeCheck = 1340;
				TargetAttributes = {
					9DB93A7B288BD490007D2CE1 = {
						CreatedOnToolsVersion = 13.4.1;
					};
					9DB93A94288BD492007D2CE1 = {
						CreatedOnToolsVersion = 13.4.1;
						TestTargetID = 9DB93A7B288BD490007D2CE1;
					};
					9DB93A9E288BD492007D2CE1 = {
						CreatedOnToolsVersion = 13.4.1;
						TestTargetID = 9DB93A7B288BD490007D2CE1;
					};
				};
			};
			buildConfigurationList = 9DB93A77288BD490007D2CE1 /* Build configuration list for PBXProject "CakeAnyTime_iOS_UIKit" */;
			compatibilityVersion = "Xcode 13.0";
			developmentRegion = en;
			hasScannedForEncodings = 0;
			knownRegions = (
				en,
				Base,
			);
			mainGroup = 9DB93A73288BD490007D2CE1;
			productRefGroup = 9DB93A7D288BD490007D2CE1 /* Products */;
			projectDirPath = "";
			projectRoot = "";
			targets = (
				9DB93A7B288BD490007D2CE1 /* CakeAnyTime_iOS_UIKit */,
				9DB93A94288BD492007D2CE1 /* CakeAnyTime_iOS_UIKitTests */,
				9DB93A9E288BD492007D2CE1 /* CakeAnyTime_iOS_UIKitUITests */,
			);
		};
/* End PBXProject section */

/* Begin PBXResourcesBuildPhase section */
		9DB93A7A288BD490007D2CE1 /* Resources */ = {
			isa = PBXResourcesBuildPhase;
			buildActionMask = 2147483647;
			files = (
				9DB93A8F288BD492007D2CE1 /* LaunchScreen.storyboard in Resources */,
				9DB93A8C288BD492007D2CE1 /* Assets.xcassets in Resources */,
				9DB93A87288BD490007D2CE1 /* Main.storyboard in Resources */,
			);
			runOnlyForDeploymentPostprocessing = 0;
		};
		9DB93A93288BD492007D2CE1 /* Resources */ = {
			isa = PBXResourcesBuildPhase;
			buildActionMask = 2147483647;
			files = (
			);
			runOnlyForDeploymentPostprocessing = 0;
		};
		9DB93A9D288BD492007D2CE1 /* Resources */ = {
			isa = PBXResourcesBuildPhase;
			buildActionMask = 2147483647;
			files = (
			);
			runOnlyForDeploymentPostprocessing = 0;
		};
/* End PBXResourcesBuildPhase section */

/* Begin PBXSourcesBuildPhase section */
		9DB93A78288BD490007D2CE1 /* Sources */ = {
			isa = PBXSourcesBuildPhase;
			buildActionMask = 2147483647;
			files = (
				9DB93A8A288BD490007D2CE1 /* CakeAnyTime_iOS_UIKit.xcdatamodeld in Sources */,
				9DB93A84288BD490007D2CE1 /* ViewController.swift in Sources */,
				9DB93A80288BD490007D2CE1 /* AppDelegate.swift in Sources */,
				9DB93A82288BD490007D2CE1 /* SceneDelegate.swift in Sources */,
			);
			runOnlyForDeploymentPostprocessing = 0;
		};
		9DB93A91288BD492007D2CE1 /* Sources */ = {
			isa = PBXSourcesBuildPhase;
			buildActionMask = 2147483647;
			files = (
				9DB93A9A288BD492007D2CE1 /* CakeAnyTime_iOS_UIKitTests.swift in Sources */,
			);
			runOnlyForDeploymentPostprocessing = 0;
		};
		9DB93A9B288BD492007D2CE1 /* Sources */ = {
			isa = PBXSourcesBuildPhase;
			buildActionMask = 2147483647;
			files = (
				9DB93AA4288BD492007D2CE1 /* CakeAnyTime_iOS_UIKitUITests.swift in Sources */,
				9DB93AA6288BD492007D2CE1 /* CakeAnyTime_iOS_UIKitUITestsLaunchTests.swift in Sources */,
			);
			runOnlyForDeploymentPostprocessing = 0;
		};
/* End PBXSourcesBuildPhase section */

/* Begin PBXTargetDependency section */
		9DB93A97288BD492007D2CE1 /* PBXTargetDependency */ = {
			isa = PBXTargetDependency;
			target = 9DB93A7B288BD490007D2CE1 /* CakeAnyTime_iOS_UIKit */;
			targetProxy = 9DB93A96288BD492007D2CE1 /* PBXContainerItemProxy */;
		};
		9DB93AA1288BD492007D2CE1 /* PBXTargetDependency */ = {
			isa = PBXTargetDependency;
			target = 9DB93A7B288BD490007D2CE1 /* CakeAnyTime_iOS_UIKit */;
			targetProxy = 9DB93AA0288BD492007D2CE1 /* PBXContainerItemProxy */;
		};
/* End PBXTargetDependency section */

/* Begin PBXVariantGroup section */
		9DB93A85288BD490007D2CE1 /* Main.storyboard */ = {
			isa = PBXVariantGroup;
			children = (
				9DB93A86288BD490007D2CE1 /* Base */,
			);
			name = Main.storyboard;
			sourceTree = "<group>";
		};
		9DB93A8D288BD492007D2CE1 /* LaunchScreen.storyboard */ = {
			isa = PBXVariantGroup;
			children = (
				9DB93A8E288BD492007D2CE1 /* Base */,
			);
			name = LaunchScreen.storyboard;
			sourceTree = "<group>";
		};
/* End PBXVariantGroup section */

/* Begin XCBuildConfiguration section */
		9DB93AA7288BD492007D2CE1 /* Debug */ = {
			isa = XCBuildConfiguration;
			buildSettings = {
				ALWAYS_SEARCH_USER_PATHS = NO;
				CLANG_ANALYZER_NONNULL = YES;
				CLANG_ANALYZER_NUMBER_OBJECT_CONVERSION = YES_AGGRESSIVE;
				CLANG_CXX_LANGUAGE_STANDARD = "gnu++17";
				CLANG_ENABLE_MODULES = YES;
				CLANG_ENABLE_OBJC_ARC = YES;
				CLANG_ENABLE_OBJC_WEAK = YES;
				CLANG_WARN_BLOCK_CAPTURE_AUTORELEASING = YES;
				CLANG_WARN_BOOL_CONVERSION = YES;
				CLANG_WARN_COMMA = YES;
				CLANG_WARN_CONSTANT_CONVERSION = YES;
				CLANG_WARN_DEPRECATED_OBJC_IMPLEMENTATIONS = YES;
				CLANG_WARN_DIRECT_OBJC_ISA_USAGE = YES_ERROR;
				CLANG_WARN_DOCUMENTATION_COMMENTS = YES;
				CLANG_WARN_EMPTY_BODY = YES;
				CLANG_WARN_ENUM_CONVERSION = YES;
				CLANG_WARN_INFINITE_RECURSION = YES;
				CLANG_WARN_INT_CONVERSION = YES;
				CLANG_WARN_NON_LITERAL_NULL_CONVERSION = YES;
				CLANG_WARN_OBJC_IMPLICIT_RETAIN_SELF = YES;
				CLANG_WARN_OBJC_LITERAL_CONVERSION = YES;
				CLANG_WARN_OBJC_ROOT_CLASS = YES_ERROR;
				CLANG_WARN_QUOTED_INCLUDE_IN_FRAMEWORK_HEADER = YES;
				CLANG_WARN_RANGE_LOOP_ANALYSIS = YES;
				CLANG_WARN_STRICT_PROTOTYPES = YES;
				CLANG_WARN_SUSPICIOUS_MOVE = YES;
				CLANG_WARN_UNGUARDED_AVAILABILITY = YES_AGGRESSIVE;
				CLANG_WARN_UNREACHABLE_CODE = YES;
				CLANG_WARN__DUPLICATE_METHOD_MATCH = YES;
				COPY_PHASE_STRIP = NO;
				DEBUG_INFORMATION_FORMAT = dwarf;
				ENABLE_STRICT_OBJC_MSGSEND = YES;
				ENABLE_TESTABILITY = YES;
				GCC_C_LANGUAGE_STANDARD = gnu11;
				GCC_DYNAMIC_NO_PIC = NO;
				GCC_NO_COMMON_BLOCKS = YES;
				GCC_OPTIMIZATION_LEVEL = 0;
				GCC_PREPROCESSOR_DEFINITIONS = (
					"DEBUG=1",
					"$(inherited)",
				);
				GCC_WARN_64_TO_32_BIT_CONVERSION = YES;
				GCC_WARN_ABOUT_RETURN_TYPE = YES_ERROR;
				GCC_WARN_UNDECLARED_SELECTOR = YES;
				GCC_WARN_UNINITIALIZED_AUTOS = YES_AGGRESSIVE;
				GCC_WARN_UNUSED_FUNCTION = YES;
				GCC_WARN_UNUSED_VARIABLE = YES;
				IPHONEOS_DEPLOYMENT_TARGET = 15.5;
				MTL_ENABLE_DEBUG_INFO = INCLUDE_SOURCE;
				MTL_FAST_MATH = YES;
				ONLY_ACTIVE_ARCH = YES;
				SDKROOT = iphoneos;
				SWIFT_ACTIVE_COMPILATION_CONDITIONS = DEBUG;
				SWIFT_OPTIMIZATION_LEVEL = "-Onone";
			};
			name = Debug;
		};
		9DB93AA8288BD492007D2CE1 /* Release */ = {
			isa = XCBuildConfiguration;
			buildSettings = {
				ALWAYS_SEARCH_USER_PATHS = NO;
				CLANG_ANALYZER_NONNULL = YES;
				CLANG_ANALYZER_NUMBER_OBJECT_CONVERSION = YES_AGGRESSIVE;
				CLANG_CXX_LANGUAGE_STANDARD = "gnu++17";
				CLANG_ENABLE_MODULES = YES;
				CLANG_ENABLE_OBJC_ARC = YES;
				CLANG_ENABLE_OBJC_WEAK = YES;
				CLANG_WARN_BLOCK_CAPTURE_AUTORELEASING = YES;
				CLANG_WARN_BOOL_CONVERSION = YES;
				CLANG_WARN_COMMA = YES;
				CLANG_WARN_CONSTANT_CONVERSION = YES;
				CLANG_WARN_DEPRECATED_OBJC_IMPLEMENTATIONS = YES;
				CLANG_WARN_DIRECT_OBJC_ISA_USAGE = YES_ERROR;
				CLANG_WARN_DOCUMENTATION_COMMENTS = YES;
				CLANG_WARN_EMPTY_BODY = YES;
				CLANG_WARN_ENUM_CONVERSION = YES;
				CLANG_WARN_INFINITE_RECURSION = YES;
				CLANG_WARN_INT_CONVERSION = YES;
				CLANG_WARN_NON_LITERAL_NULL_CONVERSION = YES;
				CLANG_WARN_OBJC_IMPLICIT_RETAIN_SELF = YES;
				CLANG_WARN_OBJC_LITERAL_CONVERSION = YES;
				CLANG_WARN_OBJC_ROOT_CLASS = YES_ERROR;
				CLANG_WARN_QUOTED_INCLUDE_IN_FRAMEWORK_HEADER = YES;
				CLANG_WARN_RANGE_LOOP_ANALYSIS = YES;
				CLANG_WARN_STRICT_PROTOTYPES = YES;
				CLANG_WARN_SUSPICIOUS_MOVE = YES;
				CLANG_WARN_UNGUARDED_AVAILABILITY = YES_AGGRESSIVE;
				CLANG_WARN_UNREACHABLE_CODE = YES;
				CLANG_WARN__DUPLICATE_METHOD_MATCH = YES;
				COPY_PHASE_STRIP = NO;
				DEBUG_INFORMATION_FORMAT = "dwarf-with-dsym";
				ENABLE_NS_ASSERTIONS = NO;
				ENABLE_STRICT_OBJC_MSGSEND = YES;
				GCC_C_LANGUAGE_STANDARD = gnu11;
				GCC_NO_COMMON_BLOCKS = YES;
				GCC_WARN_64_TO_32_BIT_CONVERSION = YES;
				GCC_WARN_ABOUT_RETURN_TYPE = YES_ERROR;
				GCC_WARN_UNDECLARED_SELECTOR = YES;
				GCC_WARN_UNINITIALIZED_AUTOS = YES_AGGRESSIVE;
				GCC_WARN_UNUSED_FUNCTION = YES;
				GCC_WARN_UNUSED_VARIABLE = YES;
				IPHONEOS_DEPLOYMENT_TARGET = 15.5;
				MTL_ENABLE_DEBUG_INFO = NO;
				MTL_FAST_MATH = YES;
				SDKROOT = iphoneos;
				SWIFT_COMPILATION_MODE = wholemodule;
				SWIFT_OPTIMIZATION_LEVEL = "-O";
				VALIDATE_PRODUCT = YES;
			};
			name = Release;
		};
		9DB93AAA288BD492007D2CE1 /* Debug */ = {
			isa = XCBuildConfiguration;
			buildSettings = {
				ASSETCATALOG_COMPILER_APPICON_NAME = AppIcon;
				ASSETCATALOG_COMPILER_GLOBAL_ACCENT_COLOR_NAME = AccentColor;
				CODE_SIGN_STYLE = Automatic;
				CURRENT_PROJECT_VERSION = 1;
				GENERATE_INFOPLIST_FILE = YES;
				INFOPLIST_FILE = CakeAnyTime_iOS_UIKit/Info.plist;
				INFOPLIST_KEY_UIApplicationSupportsIndirectInputEvents = YES;
				INFOPLIST_KEY_UILaunchStoryboardName = LaunchScreen;
				INFOPLIST_KEY_UIMainStoryboardFile = Main;
				INFOPLIST_KEY_UISupportedInterfaceOrientations_iPad = "UIInterfaceOrientationPortrait UIInterfaceOrientationPortraitUpsideDown UIInterfaceOrientationLandscapeLeft UIInterfaceOrientationLandscapeRight";
				INFOPLIST_KEY_UISupportedInterfaceOrientations_iPhone = "UIInterfaceOrientationPortrait UIInterfaceOrientationLandscapeLeft UIInterfaceOrientationLandscapeRight";
				LD_RUNPATH_SEARCH_PATHS = (
					"$(inherited)",
					"@executable_path/Frameworks",
				);
				MARKETING_VERSION = 1.0;
				PRODUCT_BUNDLE_IDENTIFIER = "atlabcorp.com.CakeAnyTime-iOS-UIKit";
				PRODUCT_NAME = "$(TARGET_NAME)";
				SWIFT_EMIT_LOC_STRINGS = YES;
				SWIFT_VERSION = 5.0;
				TARGETED_DEVICE_FAMILY = "1,2";
			};
			name = Debug;
		};
		9DB93AAB288BD492007D2CE1 /* Release */ = {
			isa = XCBuildConfiguration;
			buildSettings = {
				ASSETCATALOG_COMPILER_APPICON_NAME = AppIcon;
				ASSETCATALOG_COMPILER_GLOBAL_ACCENT_COLOR_NAME = AccentColor;
				CODE_SIGN_STYLE = Automatic;
				CURRENT_PROJECT_VERSION = 1;
				GENERATE_INFOPLIST_FILE = YES;
				INFOPLIST_FILE = CakeAnyTime_iOS_UIKit/Info.plist;
				INFOPLIST_KEY_UIApplicationSupportsIndirectInputEvents = YES;
				INFOPLIST_KEY_UILaunchStoryboardName = LaunchScreen;
				INFOPLIST_KEY_UIMainStoryboardFile = Main;
				INFOPLIST_KEY_UISupportedInterfaceOrientations_iPad = "UIInterfaceOrientationPortrait UIInterfaceOrientationPortraitUpsideDown UIInterfaceOrientationLandscapeLeft UIInterfaceOrientationLandscapeRight";
				INFOPLIST_KEY_UISupportedInterfaceOrientations_iPhone = "UIInterfaceOrientationPortrait UIInterfaceOrientationLandscapeLeft UIInterfaceOrientationLandscapeRight";
				LD_RUNPATH_SEARCH_PATHS = (
					"$(inherited)",
					"@executable_path/Frameworks",
				);
				MARKETING_VERSION = 1.0;
				PRODUCT_BUNDLE_IDENTIFIER = "atlabcorp.com.CakeAnyTime-iOS-UIKit";
				PRODUCT_NAME = "$(TARGET_NAME)";
				SWIFT_EMIT_LOC_STRINGS = YES;
				SWIFT_VERSION = 5.0;
				TARGETED_DEVICE_FAMILY = "1,2";
			};
			name = Release;
		};
		9DB93AAD288BD492007D2CE1 /* Debug */ = {
			isa = XCBuildConfiguration;
			buildSettings = {
				ALWAYS_EMBED_SWIFT_STANDARD_LIBRARIES = YES;
				BUNDLE_LOADER = "$(TEST_HOST)";
				CODE_SIGN_STYLE = Automatic;
				CURRENT_PROJECT_VERSION = 1;
				GENERATE_INFOPLIST_FILE = YES;
				IPHONEOS_DEPLOYMENT_TARGET = 15.5;
				MARKETING_VERSION = 1.0;
				PRODUCT_BUNDLE_IDENTIFIER = "atlabcorp.com.CakeAnyTime-iOS-UIKitTests";
				PRODUCT_NAME = "$(TARGET_NAME)";
				SWIFT_EMIT_LOC_STRINGS = NO;
				SWIFT_VERSION = 5.0;
				TARGETED_DEVICE_FAMILY = "1,2";
				TEST_HOST = "$(BUILT_PRODUCTS_DIR)/CakeAnyTime_iOS_UIKit.app/CakeAnyTime_iOS_UIKit";
			};
			name = Debug;
		};
		9DB93AAE288BD492007D2CE1 /* Release */ = {
			isa = XCBuildConfiguration;
			buildSettings = {
				ALWAYS_EMBED_SWIFT_STANDARD_LIBRARIES = YES;
				BUNDLE_LOADER = "$(TEST_HOST)";
				CODE_SIGN_STYLE = Automatic;
				CURRENT_PROJECT_VERSION = 1;
				GENERATE_INFOPLIST_FILE = YES;
				IPHONEOS_DEPLOYMENT_TARGET = 15.5;
				MARKETING_VERSION = 1.0;
				PRODUCT_BUNDLE_IDENTIFIER = "atlabcorp.com.CakeAnyTime-iOS-UIKitTests";
				PRODUCT_NAME = "$(TARGET_NAME)";
				SWIFT_EMIT_LOC_STRINGS = NO;
				SWIFT_VERSION = 5.0;
				TARGETED_DEVICE_FAMILY = "1,2";
				TEST_HOST = "$(BUILT_PRODUCTS_DIR)/CakeAnyTime_iOS_UIKit.app/CakeAnyTime_iOS_UIKit";
			};
			name = Release;
		};
		9DB93AB0288BD492007D2CE1 /* Debug */ = {
			isa = XCBuildConfiguration;
			buildSettings = {
				ALWAYS_EMBED_SWIFT_STANDARD_LIBRARIES = YES;
				CODE_SIGN_STYLE = Automatic;
				CURRENT_PROJECT_VERSION = 1;
				GENERATE_INFOPLIST_FILE = YES;
				MARKETING_VERSION = 1.0;
				PRODUCT_BUNDLE_IDENTIFIER = "atlabcorp.com.CakeAnyTime-iOS-UIKitUITests";
				PRODUCT_NAME = "$(TARGET_NAME)";
				SWIFT_EMIT_LOC_STRINGS = NO;
				SWIFT_VERSION = 5.0;
				TARGETED_DEVICE_FAMILY = "1,2";
				TEST_TARGET_NAME = CakeAnyTime_iOS_UIKit;
			};
			name = Debug;
		};
		9DB93AB1288BD492007D2CE1 /* Release */ = {
			isa = XCBuildConfiguration;
			buildSettings = {
				ALWAYS_EMBED_SWIFT_STANDARD_LIBRARIES = YES;
				CODE_SIGN_STYLE = Automatic;
				CURRENT_PROJECT_VERSION = 1;
				GENERATE_INFOPLIST_FILE = YES;
				MARKETING_VERSION = 1.0;
				PRODUCT_BUNDLE_IDENTIFIER = "atlabcorp.com.CakeAnyTime-iOS-UIKitUITests";
				PRODUCT_NAME = "$(TARGET_NAME)";
				SWIFT_EMIT_LOC_STRINGS = NO;
				SWIFT_VERSION = 5.0;
				TARGETED_DEVICE_FAMILY = "1,2";
				TEST_TARGET_NAME = CakeAnyTime_iOS_UIKit;
			};
			name = Release;
		};
/* End XCBuildConfiguration section */

/* Begin XCConfigurationList section */
		9DB93A77288BD490007D2CE1 /* Build configuration list for PBXProject "CakeAnyTime_iOS_UIKit" */ = {
			isa = XCConfigurationList;
			buildConfigurations = (
				9DB93AA7288BD492007D2CE1 /* Debug */,
				9DB93AA8288BD492007D2CE1 /* Release */,
			);
			defaultConfigurationIsVisible = 0;
			defaultConfigurationName = Release;
		};
		9DB93AA9288BD492007D2CE1 /* Build configuration list for PBXNativeTarget "CakeAnyTime_iOS_UIKit" */ = {
			isa = XCConfigurationList;
			buildConfigurations = (
				9DB93AAA288BD492007D2CE1 /* Debug */,
				9DB93AAB288BD492007D2CE1 /* Release */,
			);
			defaultConfigurationIsVisible = 0;
			defaultConfigurationName = Release;
		};
		9DB93AAC288BD492007D2CE1 /* Build configuration list for PBXNativeTarget "CakeAnyTime_iOS_UIKitTests" */ = {
			isa = XCConfigurationList;
			buildConfigurations = (
				9DB93AAD288BD492007D2CE1 /* Debug */,
				9DB93AAE288BD492007D2CE1 /* Release */,
			);
			defaultConfigurationIsVisible = 0;
			defaultConfigurationName = Release;
		};
		9DB93AAF288BD492007D2CE1 /* Build configuration list for PBXNativeTarget "CakeAnyTime_iOS_UIKitUITests" */ = {
			isa = XCConfigurationList;
			buildConfigurations = (
				9DB93AB0288BD492007D2CE1 /* Debug */,
				9DB93AB1288BD492007D2CE1 /* Release */,
			);
			defaultConfigurationIsVisible = 0;
			defaultConfigurationName = Release;
		};
/* End XCConfigurationList section */

/* Begin XCVersionGroup section */
		9DB93A88288BD490007D2CE1 /* CakeAnyTime_iOS_UIKit.xcdatamodeld */ = {
			isa = XCVersionGroup;
			children = (
				9DB93A89288BD490007D2CE1 /* CakeAnyTime_iOS_UIKit.xcdatamodel */,
			);
			currentVersion = 9DB93A89288BD490007D2CE1 /* CakeAnyTime_iOS_UIKit.xcdatamodel */;
			path = CakeAnyTime_iOS_UIKit.xcdatamodeld;
			sourceTree = "<group>";
			versionGroupType = wrapper.xcdatamodel;
		};
/* End XCVersionGroup section */
	};
	rootObject = 9DB93A74288BD490007D2CE1 /* Project object */;
}
